
Microsoft Visual Studio Solution File, Format Version 12.00
# Visual Studio Version 17
VisualStudioVersion = 17.8.34316.72
MinimumVisualStudioVersion = 10.0.40219.1
Project("{9A19103F-16F7-4668-BE54-9A1E7A4F7556}") = "CoursesHouse", "CoursesHouse.csproj", "{4623C776-2062-43D8-802D-0B8838BF7BA9}"
EndProject
Global
	GlobalSection(SolutionConfigurationPlatforms) = preSolution
		Debug|Any CPU = Debug|Any CPU
		Release|Any CPU = Release|Any CPU
	EndGlobalSection
	GlobalSection(ProjectConfigurationPlatforms) = postSolution
		{4623C776-2062-43D8-802D-0B8838BF7BA9}.Debug|Any CPU.ActiveCfg = Debug|Any CPU
		{4623C776-2062-43D8-802D-0B8838BF7BA9}.Debug|Any CPU.Build.0 = Debug|Any CPU
		{4623C776-2062-43D8-802D-0B8838BF7BA9}.Release|Any CPU.ActiveCfg = Release|Any CPU
		{4623C776-2062-43D8-802D-0B8838BF7BA9}.Release|Any CPU.Build.0 = Release|Any CPU
	EndGlobalSection
	GlobalSection(SolutionProperties) = preSolution
		HideSolutionNode = FALSE
	EndGlobalSection
	GlobalSection(ExtensibilityGlobals) = postSolution
		SolutionGuid = {2062FC08-1330-4C5A-AF80-651235300DB4}
	EndGlobalSection
EndGlobal
